
Microsoft Visual Studio Solution File, Format Version 12.00
# Visual Studio Version 17
VisualStudioVersion = 17.0.31903.59
MinimumVisualStudioVersion = 10.0.40219.1
Project("{2150E333-8FDC-42A3-9474-1A3956D46DE8}") = "src", "src", "{2446FC26-ECF6-4B59-84CC-9191CF17FAFF}"
	ProjectSection(SolutionItems) = preProject
		src\Directory.Build.props = src\Directory.Build.props
	EndProjectSection
EndProject
Project("{9A19103F-16F7-4668-BE54-9A1E7A4F7556}") = "Nanorm", "src\Nanorm\Nanorm.csproj", "{1D519F4A-0BAB-4636-9C7B-4D7C8675A965}"
EndProject
Project("{2150E333-8FDC-42A3-9474-1A3956D46DE8}") = "samples", "samples", "{B58EBAC0-1FF5-4890-A002-4D2757AE2D98}"
EndProject
Project("{9A19103F-16F7-4668-BE54-9A1E7A4F7556}") = "Nanorm.Samples.Web", "samples\Nanorm.Samples.Web\Nanorm.Samples.Web.csproj", "{0039C1B1-A1F6-404B-96D3-514082F2F9C1}"
EndProject
Project("{2150E333-8FDC-42A3-9474-1A3956D46DE8}") = "Solution Items", "Solution Items", "{CC35F2A2-B14F-43E0-93D9-D3CC9D368D57}"
	ProjectSection(SolutionItems) = preProject
		Directory.Build.props = Directory.Build.props
		Directory.Packages.props = Directory.Packages.props
		global.json = global.json
		nuget.config = nuget.config
	EndProjectSection
EndProject
Project("{9A19103F-16F7-4668-BE54-9A1E7A4F7556}") = "Nanorm.Npgsql", "src\Nanorm.Npgsql\Nanorm.Npgsql.csproj", "{739FDCEA-3C87-409B-B5E0-E69308CA8F2B}"
EndProject
Project("{9A19103F-16F7-4668-BE54-9A1E7A4F7556}") = "Nanorm.Sqlite", "src\Nanorm.Sqlite\Nanorm.Sqlite.csproj", "{B69703CB-77C1-4CA6-8A49-5CF002932187}"
EndProject
Project("{9A19103F-16F7-4668-BE54-9A1E7A4F7556}") = "Nanorm.Samples.Console.Todos.Sqlite", "samples\Nanorm.Samples.Console.Todos.Sqlite\Nanorm.Samples.Console.Todos.Sqlite.csproj", "{C60C9193-5184-42F5-8B54-B446B08CCA8C}"
EndProject
Project("{FAE04EC0-301F-11D3-BF4B-00C04F79EFBC}") = "Nanorm.Samples.Console.Todos.Npgsql", "samples\Nanorm.Samples.Console.Todos.Npgsql\Nanorm.Samples.Console.Todos.Npgsql.csproj", "{EA4BE422-066B-4487-8A91-1BE79CEF6C63}"
EndProject
Global
	GlobalSection(SolutionConfigurationPlatforms) = preSolution
		Debug|Any CPU = Debug|Any CPU
		Release|Any CPU = Release|Any CPU
	EndGlobalSection
	GlobalSection(ProjectConfigurationPlatforms) = postSolution
		{1D519F4A-0BAB-4636-9C7B-4D7C8675A965}.Debug|Any CPU.ActiveCfg = Debug|Any CPU
		{1D519F4A-0BAB-4636-9C7B-4D7C8675A965}.Debug|Any CPU.Build.0 = Debug|Any CPU
		{1D519F4A-0BAB-4636-9C7B-4D7C8675A965}.Release|Any CPU.ActiveCfg = Release|Any CPU
		{1D519F4A-0BAB-4636-9C7B-4D7C8675A965}.Release|Any CPU.Build.0 = Release|Any CPU
		{0039C1B1-A1F6-404B-96D3-514082F2F9C1}.Debug|Any CPU.ActiveCfg = Debug|Any CPU
		{0039C1B1-A1F6-404B-96D3-514082F2F9C1}.Debug|Any CPU.Build.0 = Debug|Any CPU
		{0039C1B1-A1F6-404B-96D3-514082F2F9C1}.Release|Any CPU.ActiveCfg = Release|Any CPU
		{0039C1B1-A1F6-404B-96D3-514082F2F9C1}.Release|Any CPU.Build.0 = Release|Any CPU
		{739FDCEA-3C87-409B-B5E0-E69308CA8F2B}.Debug|Any CPU.ActiveCfg = Debug|Any CPU
		{739FDCEA-3C87-409B-B5E0-E69308CA8F2B}.Debug|Any CPU.Build.0 = Debug|Any CPU
		{739FDCEA-3C87-409B-B5E0-E69308CA8F2B}.Release|Any CPU.ActiveCfg = Release|Any CPU
		{739FDCEA-3C87-409B-B5E0-E69308CA8F2B}.Release|Any CPU.Build.0 = Release|Any CPU
		{B69703CB-77C1-4CA6-8A49-5CF002932187}.Debug|Any CPU.ActiveCfg = Debug|Any CPU
		{B69703CB-77C1-4CA6-8A49-5CF002932187}.Debug|Any CPU.Build.0 = Debug|Any CPU
		{B69703CB-77C1-4CA6-8A49-5CF002932187}.Release|Any CPU.ActiveCfg = Release|Any CPU
		{B69703CB-77C1-4CA6-8A49-5CF002932187}.Release|Any CPU.Build.0 = Release|Any CPU
		{C60C9193-5184-42F5-8B54-B446B08CCA8C}.Debug|Any CPU.ActiveCfg = Debug|Any CPU
		{C60C9193-5184-42F5-8B54-B446B08CCA8C}.Debug|Any CPU.Build.0 = Debug|Any CPU
		{C60C9193-5184-42F5-8B54-B446B08CCA8C}.Release|Any CPU.ActiveCfg = Release|Any CPU
		{C60C9193-5184-42F5-8B54-B446B08CCA8C}.Release|Any CPU.Build.0 = Release|Any CPU
		{EA4BE422-066B-4487-8A91-1BE79CEF6C63}.Debug|Any CPU.ActiveCfg = Debug|Any CPU
		{EA4BE422-066B-4487-8A91-1BE79CEF6C63}.Debug|Any CPU.Build.0 = Debug|Any CPU
		{EA4BE422-066B-4487-8A91-1BE79CEF6C63}.Release|Any CPU.ActiveCfg = Release|Any CPU
		{EA4BE422-066B-4487-8A91-1BE79CEF6C63}.Release|Any CPU.Build.0 = Release|Any CPU
	EndGlobalSection
	GlobalSection(SolutionProperties) = preSolution
		HideSolutionNode = FALSE
	EndGlobalSection
	GlobalSection(NestedProjects) = preSolution
		{1D519F4A-0BAB-4636-9C7B-4D7C8675A965} = {2446FC26-ECF6-4B59-84CC-9191CF17FAFF}
		{0039C1B1-A1F6-404B-96D3-514082F2F9C1} = {B58EBAC0-1FF5-4890-A002-4D2757AE2D98}
		{739FDCEA-3C87-409B-B5E0-E69308CA8F2B} = {2446FC26-ECF6-4B59-84CC-9191CF17FAFF}
		{B69703CB-77C1-4CA6-8A49-5CF002932187} = {2446FC26-ECF6-4B59-84CC-9191CF17FAFF}
		{C60C9193-5184-42F5-8B54-B446B08CCA8C} = {B58EBAC0-1FF5-4890-A002-4D2757AE2D98}
		{EA4BE422-066B-4487-8A91-1BE79CEF6C63} = {B58EBAC0-1FF5-4890-A002-4D2757AE2D98}
	EndGlobalSection
	GlobalSection(ExtensibilityGlobals) = postSolution
		SolutionGuid = {2BE28D16-2A6F-416D-9F26-D2D2E7CCD7CA}
	EndGlobalSection
EndGlobal
